
Microsoft Visual Studio Solution File, Format Version 12.00
# Visual Studio Version 17
VisualStudioVersion = 17.5.002.0
MinimumVisualStudioVersion = 10.0.40219.1
Project("{9A19103F-16F7-4668-BE54-9A1E7A4F7556}") = "Example001_HelloConsole", "Example001_HelloConsole.csproj", "{CAEDE9AE-E0FF-4CB9-AF98-D89523BF6F35}"
EndProject
Global
	GlobalSection(SolutionConfigurationPlatforms) = preSolution
		Debug|Any CPU = Debug|Any CPU
		Release|Any CPU = Release|Any CPU
	EndGlobalSection
	GlobalSection(ProjectConfigurationPlatforms) = postSolution
		{CAEDE9AE-E0FF-4CB9-AF98-D89523BF6F35}.Debug|Any CPU.ActiveCfg = Debug|Any CPU
		{CAEDE9AE-E0FF-4CB9-AF98-D89523BF6F35}.Debug|Any CPU.Build.0 = Debug|Any CPU
		{CAEDE9AE-E0FF-4CB9-AF98-D89523BF6F35}.Release|Any CPU.ActiveCfg = Release|Any CPU
		{CAEDE9AE-E0FF-4CB9-AF98-D89523BF6F35}.Release|Any CPU.Build.0 = Release|Any CPU
	EndGlobalSection
	GlobalSection(SolutionProperties) = preSolution
		HideSolutionNode = FALSE
	EndGlobalSection
	GlobalSection(ExtensibilityGlobals) = postSolution
		SolutionGuid = {6524AE2A-11C4-4217-9DFB-C8C6CFB71ABF}
	EndGlobalSection
EndGlobal
